
Microsoft Visual Studio Solution File, Format Version 12.00
# Visual Studio Version 17
VisualStudioVersion = 17.0.31903.59
MinimumVisualStudioVersion = 10.0.40219.1
Project("{2150E333-8FDC-42A3-9474-1A3956D46DE8}") = "src", "src", "{B071107C-6769-411A-9441-FE7E79DA60F7}"
EndProject
Project("{FAE04EC0-301F-11D3-BF4B-00C04F79EFBC}") = "KatStreamToolkit", "src\KatStreamToolkit\KatStreamToolkit.csproj", "{D7463EEC-F233-412A-B6DF-1382948A13AD}"
EndProject
Global
	GlobalSection(SolutionConfigurationPlatforms) = preSolution
		Debug|Any CPU = Debug|Any CPU
		Release|Any CPU = Release|Any CPU
	EndGlobalSection
	GlobalSection(SolutionProperties) = preSolution
		HideSolutionNode = FALSE
	EndGlobalSection
	GlobalSection(ProjectConfigurationPlatforms) = postSolution
		{D7463EEC-F233-412A-B6DF-1382948A13AD}.Debug|Any CPU.ActiveCfg = Debug|Any CPU
		{D7463EEC-F233-412A-B6DF-1382948A13AD}.Debug|Any CPU.Build.0 = Debug|Any CPU
		{D7463EEC-F233-412A-B6DF-1382948A13AD}.Release|Any CPU.ActiveCfg = Release|Any CPU
		{D7463EEC-F233-412A-B6DF-1382948A13AD}.Release|Any CPU.Build.0 = Release|Any CPU
	EndGlobalSection
	GlobalSection(NestedProjects) = preSolution
		{D7463EEC-F233-412A-B6DF-1382948A13AD} = {B071107C-6769-411A-9441-FE7E79DA60F7}
	EndGlobalSection
EndGlobal
